
Microsoft Visual Studio Solution File, Format Version 12.00
# Visual Studio Version 16
VisualStudioVersion = 16.0.32228.343
MinimumVisualStudioVersion = 10.0.40219.1
Project("{9A19103F-16F7-4668-BE54-9A1E7A4F7556}") = "MomoHolix.DataAccessLayer", "MomoHolix.DataAccessLayer\MomoHolix.DataAccessLayer.csproj", "{4EE84306-6657-4BA0-B541-91BEE1BE8531}"
EndProject
Project("{9A19103F-16F7-4668-BE54-9A1E7A4F7556}") = "MomoHolixConsoleApp", "MomoHolixConsoleApp\MomoHolixConsoleApp.csproj", "{FEAE0DA3-C645-4FDC-9685-A4B2447064B1}"
EndProject
Project("{FAE04EC0-301F-11D3-BF4B-00C04F79EFBC}") = "MomoHolixServices", "MomoHolixServices\MomoHolixServices.csproj", "{D75DAD64-168D-4FAD-ADDC-4B742D43AB6C}"
EndProject
Global
	GlobalSection(SolutionConfigurationPlatforms) = preSolution
		Debug|Any CPU = Debug|Any CPU
		Release|Any CPU = Release|Any CPU
	EndGlobalSection
	GlobalSection(ProjectConfigurationPlatforms) = postSolution
		{4EE84306-6657-4BA0-B541-91BEE1BE8531}.Debug|Any CPU.ActiveCfg = Debug|Any CPU
		{4EE84306-6657-4BA0-B541-91BEE1BE8531}.Debug|Any CPU.Build.0 = Debug|Any CPU
		{4EE84306-6657-4BA0-B541-91BEE1BE8531}.Release|Any CPU.ActiveCfg = Release|Any CPU
		{4EE84306-6657-4BA0-B541-91BEE1BE8531}.Release|Any CPU.Build.0 = Release|Any CPU
		{FEAE0DA3-C645-4FDC-9685-A4B2447064B1}.Debug|Any CPU.ActiveCfg = Debug|Any CPU
		{FEAE0DA3-C645-4FDC-9685-A4B2447064B1}.Debug|Any CPU.Build.0 = Debug|Any CPU
		{FEAE0DA3-C645-4FDC-9685-A4B2447064B1}.Release|Any CPU.ActiveCfg = Release|Any CPU
		{FEAE0DA3-C645-4FDC-9685-A4B2447064B1}.Release|Any CPU.Build.0 = Release|Any CPU
		{D75DAD64-168D-4FAD-ADDC-4B742D43AB6C}.Debug|Any CPU.ActiveCfg = Debug|Any CPU
		{D75DAD64-168D-4FAD-ADDC-4B742D43AB6C}.Debug|Any CPU.Build.0 = Debug|Any CPU
		{D75DAD64-168D-4FAD-ADDC-4B742D43AB6C}.Release|Any CPU.ActiveCfg = Release|Any CPU
		{D75DAD64-168D-4FAD-ADDC-4B742D43AB6C}.Release|Any CPU.Build.0 = Release|Any CPU
	EndGlobalSection
	GlobalSection(SolutionProperties) = preSolution
		HideSolutionNode = FALSE
	EndGlobalSection
	GlobalSection(ExtensibilityGlobals) = postSolution
		SolutionGuid = {0B752AF2-E4AF-48ED-9A2B-DAD11C92E9B6}
	EndGlobalSection
EndGlobal
